
Microsoft Visual Studio Solution File, Format Version 12.00
# Visual Studio Version 17
VisualStudioVersion = 17.8.34511.84
MinimumVisualStudioVersion = 10.0.40219.1
Project("{FAE04EC0-301F-11D3-BF4B-00C04F79EFBC}") = "CoreIdentityComplete_0", "CoreIdentityComplete_0\CoreIdentityComplete_0.csproj", "{19E30F68-3E98-4DBA-BA3A-17CD9E487FEE}"
EndProject
Global
	GlobalSection(SolutionConfigurationPlatforms) = preSolution
		Debug|Any CPU = Debug|Any CPU
		Release|Any CPU = Release|Any CPU
	EndGlobalSection
	GlobalSection(ProjectConfigurationPlatforms) = postSolution
		{19E30F68-3E98-4DBA-BA3A-17CD9E487FEE}.Debug|Any CPU.ActiveCfg = Debug|Any CPU
		{19E30F68-3E98-4DBA-BA3A-17CD9E487FEE}.Debug|Any CPU.Build.0 = Debug|Any CPU
		{19E30F68-3E98-4DBA-BA3A-17CD9E487FEE}.Release|Any CPU.ActiveCfg = Release|Any CPU
		{19E30F68-3E98-4DBA-BA3A-17CD9E487FEE}.Release|Any CPU.Build.0 = Release|Any CPU
	EndGlobalSection
	GlobalSection(SolutionProperties) = preSolution
		HideSolutionNode = FALSE
	EndGlobalSection
	GlobalSection(ExtensibilityGlobals) = postSolution
		SolutionGuid = {E3BE2816-B193-4BB3-AFF7-04E3DB520985}
	EndGlobalSection
EndGlobal
